<?xml version="1.0" encoding="utf-8"?>
<Project ToolsVersion="4.0" xmlns="http://schemas.microsoft.com/developer/msbuild/2003">
  <ItemGroup>
    <Filter Include="Исходные файлы">
      <UniqueIdentifier>{4FC737F1-C7A5-4376-A066-2A32D752A2FF}</UniqueIdentifier>
      <Extensions>cpp;c;cc;cxx;c++;cppm;ixx;def;odl;idl;hpj;bat;asm;asmx</Extensions>
    </Filter>
    <Filter Include="Файлы заголовков">
      <UniqueIdentifier>{93995380-89BD-4b04-88EB-625FBE52EBFB}</UniqueIdentifier>
      <Extensions>h;hh;hpp;hxx;h++;hm;inl;inc;ipp;xsd</Extensions>
    </Filter>
    <Filter Include="Файлы ресурсов">
      <UniqueIdentifier>{67DA6AB6-F800-4c08-8B7A-83BB121AAD01}</UniqueIdentifier>
      <Extensions>rc;ico;cur;bmp;dlg;rc2;rct;bin;rgs;gif;jpg;jpeg;jpe;resx;tiff;tif;png;wav;mfcribbon-ms</Extensions>
    </Filter>
    <Filter Include="Entity">
      <UniqueIdentifier>{0012d2fd-5e5d-4ada-8173-83c4c5d48000}</UniqueIdentifier>
    </Filter>
    <Filter Include="Entity\Projectile">
      <UniqueIdentifier>{e35a0d85-5fda-46fc-bd6f-ab672fd230e6}</UniqueIdentifier>
    </Filter>
    <Filter Include="Entity\Enemy">
      <UniqueIdentifier>{c2c2c3e9-b6bb-4eab-a184-167d6c373309}</UniqueIdentifier>
    </Filter>
    <Filter Include="Entity\ItemInWorld">
      <UniqueIdentifier>{9142e5fc-6614-4ddc-a64a-0121ccfc6782}</UniqueIdentifier>
    </Filter>
    <Filter Include="Objects">
      <UniqueIdentifier>{6f749650-ed83-43bb-9abd-07cb650634c9}</UniqueIdentifier>
    </Filter>
  </ItemGroup>
  <ItemGroup>
    <ClInclude Include="BaseValue.h">
      <Filter>Файлы заголовков</Filter>
    </ClInclude>
    <ClInclude Include="GameCore.h">
      <Filter>Файлы заголовков</Filter>
    </ClInclude>
    <ClInclude Include="World.h">
      <Filter>Файлы заголовков</Filter>
    </ClInclude>
    <ClInclude Include="Player.h">
      <Filter>Файлы заголовков</Filter>
    </ClInclude>
    <ClInclude Include="Stats.h">
      <Filter>Файлы заголовков</Filter>
    </ClInclude>
    <ClInclude Include="Tile.h">
      <Filter>Файлы заголовков</Filter>
    </ClInclude>
    <ClInclude Include="ResourceManager.h">
      <Filter>Файлы заголовков</Filter>
    </ClInclude>
    <ClInclude Include="EntityManager.h">
      <Filter>Файлы заголовков</Filter>
    </ClInclude>
    <ClInclude Include="Storage.h">
      <Filter>Файлы заголовков</Filter>
    </ClInclude>
    <ClInclude Include="ItemInStorage.h">
      <Filter>Файлы заголовков</Filter>
    </ClInclude>
    <ClInclude Include="Inventory.h">
      <Filter>Файлы заголовков</Filter>
    </ClInclude>
    <ClInclude Include="Arrow.h">
      <Filter>Entity\Projectile</Filter>
    </ClInclude>
    <ClInclude Include="Enemy.h">
      <Filter>Entity\Enemy</Filter>
    </ClInclude>
    <ClInclude Include="Entity.h">
      <Filter>Entity</Filter>
    </ClInclude>
    <ClInclude Include="Chicken.h">
      <Filter>Entity\Enemy</Filter>
    </ClInclude>
    <ClInclude Include="ItemInWorld.h">
      <Filter>Entity\ItemInWorld</Filter>
    </ClInclude>
    <ClInclude Include="Projectile.h">
      <Filter>Entity\Projectile</Filter>
    </ClInclude>
    <ClInclude Include="Animation.h">
      <Filter>Файлы заголовков</Filter>
    </ClInclude>
    <ClInclude Include="Object.h">
      <Filter>Objects</Filter>
    </ClInclude>
    <ClInclude Include="Stump.h">
      <Filter>Objects</Filter>
    </ClInclude>
    <ClInclude Include="BerryBush.h">
      <Filter>Objects</Filter>
    </ClInclude>
    <ClInclude Include="FarmerPlanted.h">
      <Filter>Objects</Filter>
    </ClInclude>
    <ClInclude Include="Campfire.h">
      <Filter>Objects</Filter>
    </ClInclude>
    <ClInclude Include="Log.h">
      <Filter>Objects</Filter>
    </ClInclude>
    <ClInclude Include="Stone.h">
      <Filter>Objects</Filter>
    </ClInclude>
    <ClInclude Include="InvisibleWall.h">
      <Filter>Objects</Filter>
    </ClInclude>
    <ClInclude Include="PlayerStats.h">
      <Filter>Файлы заголовков</Filter>
    </ClInclude>
  </ItemGroup>
  <ItemGroup>
    <ClCompile Include="Source.cpp">
      <Filter>Исходные файлы</Filter>
    </ClCompile>
    <ClCompile Include="GameCore.cpp">
      <Filter>Исходные файлы</Filter>
    </ClCompile>
    <ClCompile Include="World.cpp">
      <Filter>Исходные файлы</Filter>
    </ClCompile>
    <ClCompile Include="Player.cpp">
      <Filter>Исходные файлы</Filter>
    </ClCompile>
    <ClCompile Include="Stats.cpp">
      <Filter>Исходные файлы</Filter>
    </ClCompile>
    <ClCompile Include="Tile.cpp">
      <Filter>Исходные файлы</Filter>
    </ClCompile>
    <ClCompile Include="ResourceManager.cpp">
      <Filter>Исходные файлы</Filter>
    </ClCompile>
    <ClCompile Include="EntityManager.cpp">
      <Filter>Исходные файлы</Filter>
    </ClCompile>
    <ClCompile Include="Storage.cpp">
      <Filter>Исходные файлы</Filter>
    </ClCompile>
    <ClCompile Include="ItemInStorage.cpp">
      <Filter>Исходные файлы</Filter>
    </ClCompile>
    <ClCompile Include="Inventory.cpp">
      <Filter>Исходные файлы</Filter>
    </ClCompile>
    <ClCompile Include="Arrow.cpp">
      <Filter>Entity\Projectile</Filter>
    </ClCompile>
    <ClCompile Include="Chicken.cpp">
      <Filter>Entity\Enemy</Filter>
    </ClCompile>
    <ClCompile Include="Enemy.cpp">
      <Filter>Entity\Enemy</Filter>
    </ClCompile>
    <ClCompile Include="Entity.cpp">
      <Filter>Entity</Filter>
    </ClCompile>
    <ClCompile Include="ItemInWorld.cpp">
      <Filter>Entity\ItemInWorld</Filter>
    </ClCompile>
    <ClCompile Include="Projectile.cpp">
      <Filter>Entity\Projectile</Filter>
    </ClCompile>
    <ClCompile Include="Animation.cpp">
      <Filter>Исходные файлы</Filter>
    </ClCompile>
    <ClCompile Include="Object.cpp">
      <Filter>Objects</Filter>
    </ClCompile>
    <ClCompile Include="Stump.cpp">
      <Filter>Objects</Filter>
    </ClCompile>
    <ClCompile Include="BerryBush.cpp">
      <Filter>Objects</Filter>
    </ClCompile>
    <ClCompile Include="FarmerPlanted.cpp">
      <Filter>Objects</Filter>
    </ClCompile>
    <ClCompile Include="Campfire.cpp">
      <Filter>Objects</Filter>
    </ClCompile>
    <ClCompile Include="Log.cpp">
      <Filter>Objects</Filter>
    </ClCompile>
    <ClCompile Include="Stone.cpp">
      <Filter>Objects</Filter>
    </ClCompile>
    <ClCompile Include="InvisibleWall.cpp">
      <Filter>Objects</Filter>
    </ClCompile>
    <ClCompile Include="PlayerStats.cpp">
      <Filter>Исходные файлы</Filter>
    </ClCompile>
  </ItemGroup>
  <ItemGroup>
    <Text Include="Map.txt">
      <Filter>Файлы ресурсов</Filter>
    </Text>
  </ItemGroup>
</Project>